
Microsoft Visual Studio Solution File, Format Version 12.00
# Visual Studio Version 17
VisualStudioVersion = 17.6.33829.357
MinimumVisualStudioVersion = 10.0.40219.1
Project("{888888A0-9F3D-457C-B088-3A5042F75D52}") = "BabysFirstPython", "BabysFirstPython\BabysFirstPython.pyproj", "{27489A4A-8F48-433A-9B98-DAF3C83CE5DE}"
EndProject
Global
	GlobalSection(SolutionConfigurationPlatforms) = preSolution
		Debug|Any CPU = Debug|Any CPU
		Release|Any CPU = Release|Any CPU
	EndGlobalSection
	GlobalSection(ProjectConfigurationPlatforms) = postSolution
		{27489A4A-8F48-433A-9B98-DAF3C83CE5DE}.Debug|Any CPU.ActiveCfg = Debug|Any CPU
		{27489A4A-8F48-433A-9B98-DAF3C83CE5DE}.Release|Any CPU.ActiveCfg = Release|Any CPU
	EndGlobalSection
	GlobalSection(SolutionProperties) = preSolution
		HideSolutionNode = FALSE
	EndGlobalSection
	GlobalSection(ExtensibilityGlobals) = postSolution
		SolutionGuid = {6A731CE5-E800-431A-8676-3CD5E1B4E713}
	EndGlobalSection
EndGlobal
